
Microsoft Visual Studio Solution File, Format Version 12.00
# Visual Studio Version 17
VisualStudioVersion = 17.10.35122.118
MinimumVisualStudioVersion = 10.0.40219.1
Project("{FAE04EC0-301F-11D3-BF4B-00C04F79EFBC}") = "Presence&Absence", "Presence&Absence\Presence&Absence.csproj", "{B107B77F-3626-4EC3-8E79-8A826E9EC42D}"
EndProject
Global
	GlobalSection(SolutionConfigurationPlatforms) = preSolution
		Debug|Any CPU = Debug|Any CPU
		Release|Any CPU = Release|Any CPU
	EndGlobalSection
	GlobalSection(ProjectConfigurationPlatforms) = postSolution
		{B107B77F-3626-4EC3-8E79-8A826E9EC42D}.Debug|Any CPU.ActiveCfg = Debug|Any CPU
		{B107B77F-3626-4EC3-8E79-8A826E9EC42D}.Debug|Any CPU.Build.0 = Debug|Any CPU
		{B107B77F-3626-4EC3-8E79-8A826E9EC42D}.Release|Any CPU.ActiveCfg = Release|Any CPU
		{B107B77F-3626-4EC3-8E79-8A826E9EC42D}.Release|Any CPU.Build.0 = Release|Any CPU
	EndGlobalSection
	GlobalSection(SolutionProperties) = preSolution
		HideSolutionNode = FALSE
	EndGlobalSection
	GlobalSection(ExtensibilityGlobals) = postSolution
		SolutionGuid = {769850A1-6A41-4D4E-B2DC-5F3E4B949BA8}
	EndGlobalSection
EndGlobal
